
Microsoft Visual Studio Solution File, Format Version 12.00
# Visual Studio Version 17
VisualStudioVersion = 17.3.32901.215
MinimumVisualStudioVersion = 10.0.40219.1
Project("{FAE04EC0-301F-11D3-BF4B-00C04F79EFBC}") = "Nether", "Nether\Nether\Nether.csproj", "{A1E0C50F-5928-445C-91D5-07B195648105}"
EndProject
Project("{FAE04EC0-301F-11D3-BF4B-00C04F79EFBC}") = "Nether.Android", "Nether\Nether.Android\Nether.Android.csproj", "{2A9F048C-628D-4907-9DF8-A5D7661E4609}"
EndProject
Project("{FAE04EC0-301F-11D3-BF4B-00C04F79EFBC}") = "Nether.iOS", "Nether\Nether.iOS\Nether.iOS.csproj", "{B8F1D108-BFFF-4DD2-8AC3-D3DD007FAB80}"
EndProject
Project("{FAE04EC0-301F-11D3-BF4B-00C04F79EFBC}") = "Nether.UWP", "Nether\Nether.UWP\Nether.UWP.csproj", "{538AB74F-F678-472E-B787-2BD79CFFC1F8}"
EndProject
Global
	GlobalSection(SolutionConfigurationPlatforms) = preSolution
		Ad-Hoc|Any CPU = Ad-Hoc|Any CPU
		Ad-Hoc|ARM = Ad-Hoc|ARM
		Ad-Hoc|iPhone = Ad-Hoc|iPhone
		Ad-Hoc|iPhoneSimulator = Ad-Hoc|iPhoneSimulator
		Ad-Hoc|x64 = Ad-Hoc|x64
		Ad-Hoc|x86 = Ad-Hoc|x86
		AppStore|Any CPU = AppStore|Any CPU
		AppStore|ARM = AppStore|ARM
		AppStore|iPhone = AppStore|iPhone
		AppStore|iPhoneSimulator = AppStore|iPhoneSimulator
		AppStore|x64 = AppStore|x64
		AppStore|x86 = AppStore|x86
		Debug|Any CPU = Debug|Any CPU
		Debug|ARM = Debug|ARM
		Debug|iPhone = Debug|iPhone
		Debug|iPhoneSimulator = Debug|iPhoneSimulator
		Debug|x64 = Debug|x64
		Debug|x86 = Debug|x86
		Release|Any CPU = Release|Any CPU
		Release|ARM = Release|ARM
		Release|iPhone = Release|iPhone
		Release|iPhoneSimulator = Release|iPhoneSimulator
		Release|x64 = Release|x64
		Release|x86 = Release|x86
	EndGlobalSection
	GlobalSection(ProjectConfigurationPlatforms) = postSolution
		{A1E0C50F-5928-445C-91D5-07B195648105}.Ad-Hoc|Any CPU.ActiveCfg = Debug|Any CPU
		{A1E0C50F-5928-445C-91D5-07B195648105}.Ad-Hoc|Any CPU.Build.0 = Debug|Any CPU
		{A1E0C50F-5928-445C-91D5-07B195648105}.Ad-Hoc|ARM.ActiveCfg = Debug|Any CPU
		{A1E0C50F-5928-445C-91D5-07B195648105}.Ad-Hoc|ARM.Build.0 = Debug|Any CPU
		{A1E0C50F-5928-445C-91D5-07B195648105}.Ad-Hoc|iPhone.ActiveCfg = Debug|Any CPU
		{A1E0C50F-5928-445C-91D5-07B195648105}.Ad-Hoc|iPhone.Build.0 = Debug|Any CPU
		{A1E0C50F-5928-445C-91D5-07B195648105}.Ad-Hoc|iPhoneSimulator.ActiveCfg = Debug|Any CPU
		{A1E0C50F-5928-445C-91D5-07B195648105}.Ad-Hoc|iPhoneSimulator.Build.0 = Debug|Any CPU
		{A1E0C50F-5928-445C-91D5-07B195648105}.Ad-Hoc|x64.ActiveCfg = Debug|Any CPU
		{A1E0C50F-5928-445C-91D5-07B195648105}.Ad-Hoc|x64.Build.0 = Debug|Any CPU
		{A1E0C50F-5928-445C-91D5-07B195648105}.Ad-Hoc|x86.ActiveCfg = Debug|Any CPU
		{A1E0C50F-5928-445C-91D5-07B195648105}.Ad-Hoc|x86.Build.0 = Debug|Any CPU
		{A1E0C50F-5928-445C-91D5-07B195648105}.AppStore|Any CPU.ActiveCfg = Debug|Any CPU
		{A1E0C50F-5928-445C-91D5-07B195648105}.AppStore|Any CPU.Build.0 = Debug|Any CPU
		{A1E0C50F-5928-445C-91D5-07B195648105}.AppStore|ARM.ActiveCfg = Debug|Any CPU
		{A1E0C50F-5928-445C-91D5-07B195648105}.AppStore|ARM.Build.0 = Debug|Any CPU
		{A1E0C50F-5928-445C-91D5-07B195648105}.AppStore|iPhone.ActiveCfg = Debug|Any CPU
		{A1E0C50F-5928-445C-91D5-07B195648105}.AppStore|iPhone.Build.0 = Debug|Any CPU
		{A1E0C50F-5928-445C-91D5-07B195648105}.AppStore|iPhoneSimulator.ActiveCfg = Debug|Any CPU
		{A1E0C50F-5928-445C-91D5-07B195648105}.AppStore|iPhoneSimulator.Build.0 = Debug|Any CPU
		{A1E0C50F-5928-445C-91D5-07B195648105}.AppStore|x64.ActiveCfg = Debug|Any CPU
		{A1E0C50F-5928-445C-91D5-07B195648105}.AppStore|x64.Build.0 = Debug|Any CPU
		{A1E0C50F-5928-445C-91D5-07B195648105}.AppStore|x86.ActiveCfg = Debug|Any CPU
		{A1E0C50F-5928-445C-91D5-07B195648105}.AppStore|x86.Build.0 = Debug|Any CPU
		{A1E0C50F-5928-445C-91D5-07B195648105}.Debug|Any CPU.ActiveCfg = Debug|Any CPU
		{A1E0C50F-5928-445C-91D5-07B195648105}.Debug|Any CPU.Build.0 = Debug|Any CPU
		{A1E0C50F-5928-445C-91D5-07B195648105}.Debug|ARM.ActiveCfg = Debug|Any CPU
		{A1E0C50F-5928-445C-91D5-07B195648105}.Debug|ARM.Build.0 = Debug|Any CPU
		{A1E0C50F-5928-445C-91D5-07B195648105}.Debug|iPhone.ActiveCfg = Debug|Any CPU
		{A1E0C50F-5928-445C-91D5-07B195648105}.Debug|iPhone.Build.0 = Debug|Any CPU
		{A1E0C50F-5928-445C-91D5-07B195648105}.Debug|iPhoneSimulator.ActiveCfg = Debug|Any CPU
		{A1E0C50F-5928-445C-91D5-07B195648105}.Debug|iPhoneSimulator.Build.0 = Debug|Any CPU
		{A1E0C50F-5928-445C-91D5-07B195648105}.Debug|x64.ActiveCfg = Debug|Any CPU
		{A1E0C50F-5928-445C-91D5-07B195648105}.Debug|x64.Build.0 = Debug|Any CPU
		{A1E0C50F-5928-445C-91D5-07B195648105}.Debug|x86.ActiveCfg = Debug|Any CPU
		{A1E0C50F-5928-445C-91D5-07B195648105}.Debug|x86.Build.0 = Debug|Any CPU
		{A1E0C50F-5928-445C-91D5-07B195648105}.Release|Any CPU.ActiveCfg = Release|Any CPU
		{A1E0C50F-5928-445C-91D5-07B195648105}.Release|Any CPU.Build.0 = Release|Any CPU
		{A1E0C50F-5928-445C-91D5-07B195648105}.Release|ARM.ActiveCfg = Release|Any CPU
		{A1E0C50F-5928-445C-91D5-07B195648105}.Release|ARM.Build.0 = Release|Any CPU
		{A1E0C50F-5928-445C-91D5-07B195648105}.Release|iPhone.ActiveCfg = Release|Any CPU
		{A1E0C50F-5928-445C-91D5-07B195648105}.Release|iPhone.Build.0 = Release|Any CPU
		{A1E0C50F-5928-445C-91D5-07B195648105}.Release|iPhoneSimulator.ActiveCfg = Release|Any CPU
		{A1E0C50F-5928-445C-91D5-07B195648105}.Release|iPhoneSimulator.Build.0 = Release|Any CPU
		{A1E0C50F-5928-445C-91D5-07B195648105}.Release|x64.ActiveCfg = Release|Any CPU
		{A1E0C50F-5928-445C-91D5-07B195648105}.Release|x64.Build.0 = Release|Any CPU
		{A1E0C50F-5928-445C-91D5-07B195648105}.Release|x86.ActiveCfg = Release|Any CPU
		{A1E0C50F-5928-445C-91D5-07B195648105}.Release|x86.Build.0 = Release|Any CPU
		{2A9F048C-628D-4907-9DF8-A5D7661E4609}.Ad-Hoc|Any CPU.ActiveCfg = Debug|Any CPU
		{2A9F048C-628D-4907-9DF8-A5D7661E4609}.Ad-Hoc|Any CPU.Build.0 = Debug|Any CPU
		{2A9F048C-628D-4907-9DF8-A5D7661E4609}.Ad-Hoc|Any CPU.Deploy.0 = Debug|Any CPU
		{2A9F048C-628D-4907-9DF8-A5D7661E4609}.Ad-Hoc|ARM.ActiveCfg = Debug|Any CPU
		{2A9F048C-628D-4907-9DF8-A5D7661E4609}.Ad-Hoc|ARM.Build.0 = Debug|Any CPU
		{2A9F048C-628D-4907-9DF8-A5D7661E4609}.Ad-Hoc|ARM.Deploy.0 = Debug|Any CPU
		{2A9F048C-628D-4907-9DF8-A5D7661E4609}.Ad-Hoc|iPhone.ActiveCfg = Debug|Any CPU
		{2A9F048C-628D-4907-9DF8-A5D7661E4609}.Ad-Hoc|iPhone.Build.0 = Debug|Any CPU
		{2A9F048C-628D-4907-9DF8-A5D7661E4609}.Ad-Hoc|iPhone.Deploy.0 = Debug|Any CPU
		{2A9F048C-628D-4907-9DF8-A5D7661E4609}.Ad-Hoc|iPhoneSimulator.ActiveCfg = Debug|Any CPU
		{2A9F048C-628D-4907-9DF8-A5D7661E4609}.Ad-Hoc|iPhoneSimulator.Build.0 = Debug|Any CPU
		{2A9F048C-628D-4907-9DF8-A5D7661E4609}.Ad-Hoc|iPhoneSimulator.Deploy.0 = Debug|Any CPU
		{2A9F048C-628D-4907-9DF8-A5D7661E4609}.Ad-Hoc|x64.ActiveCfg = Debug|Any CPU
		{2A9F048C-628D-4907-9DF8-A5D7661E4609}.Ad-Hoc|x64.Build.0 = Debug|Any CPU
		{2A9F048C-628D-4907-9DF8-A5D7661E4609}.Ad-Hoc|x64.Deploy.0 = Debug|Any CPU
		{2A9F048C-628D-4907-9DF8-A5D7661E4609}.Ad-Hoc|x86.ActiveCfg = Debug|Any CPU
		{2A9F048C-628D-4907-9DF8-A5D7661E4609}.Ad-Hoc|x86.Build.0 = Debug|Any CPU
		{2A9F048C-628D-4907-9DF8-A5D7661E4609}.Ad-Hoc|x86.Deploy.0 = Debug|Any CPU
		{2A9F048C-628D-4907-9DF8-A5D7661E4609}.AppStore|Any CPU.ActiveCfg = Debug|Any CPU
		{2A9F048C-628D-4907-9DF8-A5D7661E4609}.AppStore|Any CPU.Build.0 = Debug|Any CPU
		{2A9F048C-628D-4907-9DF8-A5D7661E4609}.AppStore|Any CPU.Deploy.0 = Debug|Any CPU
		{2A9F048C-628D-4907-9DF8-A5D7661E4609}.AppStore|ARM.ActiveCfg = Debug|Any CPU
		{2A9F048C-628D-4907-9DF8-A5D7661E4609}.AppStore|ARM.Build.0 = Debug|Any CPU
		{2A9F048C-628D-4907-9DF8-A5D7661E4609}.AppStore|ARM.Deploy.0 = Debug|Any CPU
		{2A9F048C-628D-4907-9DF8-A5D7661E4609}.AppStore|iPhone.ActiveCfg = Debug|Any CPU
		{2A9F048C-628D-4907-9DF8-A5D7661E4609}.AppStore|iPhone.Build.0 = Debug|Any CPU
		{2A9F048C-628D-4907-9DF8-A5D7661E4609}.AppStore|iPhone.Deploy.0 = Debug|Any CPU
		{2A9F048C-628D-4907-9DF8-A5D7661E4609}.AppStore|iPhoneSimulator.ActiveCfg = Debug|Any CPU
		{2A9F048C-628D-4907-9DF8-A5D7661E4609}.AppStore|iPhoneSimulator.Build.0 = Debug|Any CPU
		{2A9F048C-628D-4907-9DF8-A5D7661E4609}.AppStore|iPhoneSimulator.Deploy.0 = Debug|Any CPU
		{2A9F048C-628D-4907-9DF8-A5D7661E4609}.AppStore|x64.ActiveCfg = Debug|Any CPU
		{2A9F048C-628D-4907-9DF8-A5D7661E4609}.AppStore|x64.Build.0 = Debug|Any CPU
		{2A9F048C-628D-4907-9DF8-A5D7661E4609}.AppStore|x64.Deploy.0 = Debug|Any CPU
		{2A9F048C-628D-4907-9DF8-A5D7661E4609}.AppStore|x86.ActiveCfg = Debug|Any CPU
		{2A9F048C-628D-4907-9DF8-A5D7661E4609}.AppStore|x86.Build.0 = Debug|Any CPU
		{2A9F048C-628D-4907-9DF8-A5D7661E4609}.AppStore|x86.Deploy.0 = Debug|Any CPU
		{2A9F048C-628D-4907-9DF8-A5D7661E4609}.Debug|Any CPU.ActiveCfg = Debug|Any CPU
		{2A9F048C-628D-4907-9DF8-A5D7661E4609}.Debug|Any CPU.Build.0 = Debug|Any CPU
		{2A9F048C-628D-4907-9DF8-A5D7661E4609}.Debug|Any CPU.Deploy.0 = Debug|Any CPU
		{2A9F048C-628D-4907-9DF8-A5D7661E4609}.Debug|ARM.ActiveCfg = Debug|Any CPU
		{2A9F048C-628D-4907-9DF8-A5D7661E4609}.Debug|ARM.Build.0 = Debug|Any CPU
		{2A9F048C-628D-4907-9DF8-A5D7661E4609}.Debug|ARM.Deploy.0 = Debug|Any CPU
		{2A9F048C-628D-4907-9DF8-A5D7661E4609}.Debug|iPhone.ActiveCfg = Debug|Any CPU
		{2A9F048C-628D-4907-9DF8-A5D7661E4609}.Debug|iPhone.Build.0 = Debug|Any CPU
		{2A9F048C-628D-4907-9DF8-A5D7661E4609}.Debug|iPhone.Deploy.0 = Debug|Any CPU
		{2A9F048C-628D-4907-9DF8-A5D7661E4609}.Debug|iPhoneSimulator.ActiveCfg = Debug|Any CPU
		{2A9F048C-628D-4907-9DF8-A5D7661E4609}.Debug|iPhoneSimulator.Build.0 = Debug|Any CPU
		{2A9F048C-628D-4907-9DF8-A5D7661E4609}.Debug|iPhoneSimulator.Deploy.0 = Debug|Any CPU
		{2A9F048C-628D-4907-9DF8-A5D7661E4609}.Debug|x64.ActiveCfg = Debug|Any CPU
		{2A9F048C-628D-4907-9DF8-A5D7661E4609}.Debug|x64.Build.0 = Debug|Any CPU
		{2A9F048C-628D-4907-9DF8-A5D7661E4609}.Debug|x64.Deploy.0 = Debug|Any CPU
		{2A9F048C-628D-4907-9DF8-A5D7661E4609}.Debug|x86.ActiveCfg = Debug|Any CPU
		{2A9F048C-628D-4907-9DF8-A5D7661E4609}.Debug|x86.Build.0 = Debug|Any CPU
		{2A9F048C-628D-4907-9DF8-A5D7661E4609}.Debug|x86.Deploy.0 = Debug|Any CPU
		{2A9F048C-628D-4907-9DF8-A5D7661E4609}.Release|Any CPU.ActiveCfg = Release|Any CPU
		{2A9F048C-628D-4907-9DF8-A5D7661E4609}.Release|Any CPU.Build.0 = Release|Any CPU
		{2A9F048C-628D-4907-9DF8-A5D7661E4609}.Release|Any CPU.Deploy.0 = Release|Any CPU
		{2A9F048C-628D-4907-9DF8-A5D7661E4609}.Release|ARM.ActiveCfg = Release|Any CPU
		{2A9F048C-628D-4907-9DF8-A5D7661E4609}.Release|ARM.Build.0 = Release|Any CPU
		{2A9F048C-628D-4907-9DF8-A5D7661E4609}.Release|ARM.Deploy.0 = Release|Any CPU
		{2A9F048C-628D-4907-9DF8-A5D7661E4609}.Release|iPhone.ActiveCfg = Release|Any CPU
		{2A9F048C-628D-4907-9DF8-A5D7661E4609}.Release|iPhone.Build.0 = Release|Any CPU
		{2A9F048C-628D-4907-9DF8-A5D7661E4609}.Release|iPhone.Deploy.0 = Release|Any CPU
		{2A9F048C-628D-4907-9DF8-A5D7661E4609}.Release|iPhoneSimulator.ActiveCfg = Release|Any CPU
		{2A9F048C-628D-4907-9DF8-A5D7661E4609}.Release|iPhoneSimulator.Build.0 = Release|Any CPU
		{2A9F048C-628D-4907-9DF8-A5D7661E4609}.Release|iPhoneSimulator.Deploy.0 = Release|Any CPU
		{2A9F048C-628D-4907-9DF8-A5D7661E4609}.Release|x64.ActiveCfg = Release|Any CPU
		{2A9F048C-628D-4907-9DF8-A5D7661E4609}.Release|x64.Build.0 = Release|Any CPU
		{2A9F048C-628D-4907-9DF8-A5D7661E4609}.Release|x64.Deploy.0 = Release|Any CPU
		{2A9F048C-628D-4907-9DF8-A5D7661E4609}.Release|x86.ActiveCfg = Release|Any CPU
		{2A9F048C-628D-4907-9DF8-A5D7661E4609}.Release|x86.Build.0 = Release|Any CPU
		{2A9F048C-628D-4907-9DF8-A5D7661E4609}.Release|x86.Deploy.0 = Release|Any CPU
		{B8F1D108-BFFF-4DD2-8AC3-D3DD007FAB80}.Ad-Hoc|Any CPU.ActiveCfg = Ad-Hoc|iPhoneSimulator
		{B8F1D108-BFFF-4DD2-8AC3-D3DD007FAB80}.Ad-Hoc|Any CPU.Build.0 = Ad-Hoc|iPhoneSimulator
		{B8F1D108-BFFF-4DD2-8AC3-D3DD007FAB80}.Ad-Hoc|ARM.ActiveCfg = Ad-Hoc|iPhoneSimulator
		{B8F1D108-BFFF-4DD2-8AC3-D3DD007FAB80}.Ad-Hoc|ARM.Build.0 = Ad-Hoc|iPhoneSimulator
		{B8F1D108-BFFF-4DD2-8AC3-D3DD007FAB80}.Ad-Hoc|iPhone.ActiveCfg = Ad-Hoc|iPhone
		{B8F1D108-BFFF-4DD2-8AC3-D3DD007FAB80}.Ad-Hoc|iPhone.Build.0 = Ad-Hoc|iPhone
		{B8F1D108-BFFF-4DD2-8AC3-D3DD007FAB80}.Ad-Hoc|iPhoneSimulator.ActiveCfg = Ad-Hoc|iPhoneSimulator
		{B8F1D108-BFFF-4DD2-8AC3-D3DD007FAB80}.Ad-Hoc|iPhoneSimulator.Build.0 = Ad-Hoc|iPhoneSimulator
		{B8F1D108-BFFF-4DD2-8AC3-D3DD007FAB80}.Ad-Hoc|x64.ActiveCfg = Ad-Hoc|iPhoneSimulator
		{B8F1D108-BFFF-4DD2-8AC3-D3DD007FAB80}.Ad-Hoc|x64.Build.0 = Ad-Hoc|iPhoneSimulator
		{B8F1D108-BFFF-4DD2-8AC3-D3DD007FAB80}.Ad-Hoc|x86.ActiveCfg = Ad-Hoc|iPhoneSimulator
		{B8F1D108-BFFF-4DD2-8AC3-D3DD007FAB80}.Ad-Hoc|x86.Build.0 = Ad-Hoc|iPhoneSimulator
		{B8F1D108-BFFF-4DD2-8AC3-D3DD007FAB80}.AppStore|Any CPU.ActiveCfg = AppStore|iPhoneSimulator
		{B8F1D108-BFFF-4DD2-8AC3-D3DD007FAB80}.AppStore|Any CPU.Build.0 = AppStore|iPhoneSimulator
		{B8F1D108-BFFF-4DD2-8AC3-D3DD007FAB80}.AppStore|ARM.ActiveCfg = AppStore|iPhoneSimulator
		{B8F1D108-BFFF-4DD2-8AC3-D3DD007FAB80}.AppStore|ARM.Build.0 = AppStore|iPhoneSimulator
		{B8F1D108-BFFF-4DD2-8AC3-D3DD007FAB80}.AppStore|iPhone.ActiveCfg = AppStore|iPhone
		{B8F1D108-BFFF-4DD2-8AC3-D3DD007FAB80}.AppStore|iPhone.Build.0 = AppStore|iPhone
		{B8F1D108-BFFF-4DD2-8AC3-D3DD007FAB80}.AppStore|iPhoneSimulator.ActiveCfg = AppStore|iPhoneSimulator
		{B8F1D108-BFFF-4DD2-8AC3-D3DD007FAB80}.AppStore|iPhoneSimulator.Build.0 = AppStore|iPhoneSimulator
		{B8F1D108-BFFF-4DD2-8AC3-D3DD007FAB80}.AppStore|x64.ActiveCfg = AppStore|iPhoneSimulator
		{B8F1D108-BFFF-4DD2-8AC3-D3DD007FAB80}.AppStore|x64.Build.0 = AppStore|iPhoneSimulator
		{B8F1D108-BFFF-4DD2-8AC3-D3DD007FAB80}.AppStore|x86.ActiveCfg = AppStore|iPhoneSimulator
		{B8F1D108-BFFF-4DD2-8AC3-D3DD007FAB80}.AppStore|x86.Build.0 = AppStore|iPhoneSimulator
		{B8F1D108-BFFF-4DD2-8AC3-D3DD007FAB80}.Debug|Any CPU.ActiveCfg = Debug|iPhoneSimulator
		{B8F1D108-BFFF-4DD2-8AC3-D3DD007FAB80}.Debug|Any CPU.Build.0 = Debug|iPhoneSimulator
		{B8F1D108-BFFF-4DD2-8AC3-D3DD007FAB80}.Debug|ARM.ActiveCfg = Debug|iPhoneSimulator
		{B8F1D108-BFFF-4DD2-8AC3-D3DD007FAB80}.Debug|ARM.Build.0 = Debug|iPhoneSimulator
		{B8F1D108-BFFF-4DD2-8AC3-D3DD007FAB80}.Debug|iPhone.ActiveCfg = Debug|iPhone
		{B8F1D108-BFFF-4DD2-8AC3-D3DD007FAB80}.Debug|iPhone.Build.0 = Debug|iPhone
		{B8F1D108-BFFF-4DD2-8AC3-D3DD007FAB80}.Debug|iPhoneSimulator.ActiveCfg = Debug|iPhoneSimulator
		{B8F1D108-BFFF-4DD2-8AC3-D3DD007FAB80}.Debug|iPhoneSimulator.Build.0 = Debug|iPhoneSimulator
		{B8F1D108-BFFF-4DD2-8AC3-D3DD007FAB80}.Debug|x64.ActiveCfg = Debug|iPhoneSimulator
		{B8F1D108-BFFF-4DD2-8AC3-D3DD007FAB80}.Debug|x64.Build.0 = Debug|iPhoneSimulator
		{B8F1D108-BFFF-4DD2-8AC3-D3DD007FAB80}.Debug|x86.ActiveCfg = Debug|iPhoneSimulator
		{B8F1D108-BFFF-4DD2-8AC3-D3DD007FAB80}.Debug|x86.Build.0 = Debug|iPhoneSimulator
		{B8F1D108-BFFF-4DD2-8AC3-D3DD007FAB80}.Release|Any CPU.ActiveCfg = Release|iPhoneSimulator
		{B8F1D108-BFFF-4DD2-8AC3-D3DD007FAB80}.Release|Any CPU.Build.0 = Release|iPhoneSimulator
		{B8F1D108-BFFF-4DD2-8AC3-D3DD007FAB80}.Release|ARM.ActiveCfg = Release|iPhoneSimulator
		{B8F1D108-BFFF-4DD2-8AC3-D3DD007FAB80}.Release|ARM.Build.0 = Release|iPhoneSimulator
		{B8F1D108-BFFF-4DD2-8AC3-D3DD007FAB80}.Release|iPhone.ActiveCfg = Release|iPhone
		{B8F1D108-BFFF-4DD2-8AC3-D3DD007FAB80}.Release|iPhone.Build.0 = Release|iPhone
		{B8F1D108-BFFF-4DD2-8AC3-D3DD007FAB80}.Release|iPhoneSimulator.ActiveCfg = Release|iPhoneSimulator
		{B8F1D108-BFFF-4DD2-8AC3-D3DD007FAB80}.Release|iPhoneSimulator.Build.0 = Release|iPhoneSimulator
		{B8F1D108-BFFF-4DD2-8AC3-D3DD007FAB80}.Release|x64.ActiveCfg = Release|iPhoneSimulator
		{B8F1D108-BFFF-4DD2-8AC3-D3DD007FAB80}.Release|x64.Build.0 = Release|iPhoneSimulator
		{B8F1D108-BFFF-4DD2-8AC3-D3DD007FAB80}.Release|x86.ActiveCfg = Release|iPhoneSimulator
		{B8F1D108-BFFF-4DD2-8AC3-D3DD007FAB80}.Release|x86.Build.0 = Release|iPhoneSimulator
		{538AB74F-F678-472E-B787-2BD79CFFC1F8}.Ad-Hoc|Any CPU.ActiveCfg = Debug|x64
		{538AB74F-F678-472E-B787-2BD79CFFC1F8}.Ad-Hoc|Any CPU.Build.0 = Debug|x64
		{538AB74F-F678-472E-B787-2BD79CFFC1F8}.Ad-Hoc|Any CPU.Deploy.0 = Debug|x64
		{538AB74F-F678-472E-B787-2BD79CFFC1F8}.Ad-Hoc|ARM.ActiveCfg = Debug|ARM
		{538AB74F-F678-472E-B787-2BD79CFFC1F8}.Ad-Hoc|ARM.Build.0 = Debug|ARM
		{538AB74F-F678-472E-B787-2BD79CFFC1F8}.Ad-Hoc|ARM.Deploy.0 = Debug|ARM
		{538AB74F-F678-472E-B787-2BD79CFFC1F8}.Ad-Hoc|iPhone.ActiveCfg = Debug|x64
		{538AB74F-F678-472E-B787-2BD79CFFC1F8}.Ad-Hoc|iPhone.Build.0 = Debug|x64
		{538AB74F-F678-472E-B787-2BD79CFFC1F8}.Ad-Hoc|iPhone.Deploy.0 = Debug|x64
		{538AB74F-F678-472E-B787-2BD79CFFC1F8}.Ad-Hoc|iPhoneSimulator.ActiveCfg = Debug|x64
		{538AB74F-F678-472E-B787-2BD79CFFC1F8}.Ad-Hoc|iPhoneSimulator.Build.0 = Debug|x64
		{538AB74F-F678-472E-B787-2BD79CFFC1F8}.Ad-Hoc|iPhoneSimulator.Deploy.0 = Debug|x64
		{538AB74F-F678-472E-B787-2BD79CFFC1F8}.Ad-Hoc|x64.ActiveCfg = Debug|x64
		{538AB74F-F678-472E-B787-2BD79CFFC1F8}.Ad-Hoc|x64.Build.0 = Debug|x64
		{538AB74F-F678-472E-B787-2BD79CFFC1F8}.Ad-Hoc|x64.Deploy.0 = Debug|x64
		{538AB74F-F678-472E-B787-2BD79CFFC1F8}.Ad-Hoc|x86.ActiveCfg = Debug|x86
		{538AB74F-F678-472E-B787-2BD79CFFC1F8}.Ad-Hoc|x86.Build.0 = Debug|x86
		{538AB74F-F678-472E-B787-2BD79CFFC1F8}.Ad-Hoc|x86.Deploy.0 = Debug|x86
		{538AB74F-F678-472E-B787-2BD79CFFC1F8}.AppStore|Any CPU.ActiveCfg = Debug|x64
		{538AB74F-F678-472E-B787-2BD79CFFC1F8}.AppStore|Any CPU.Build.0 = Debug|x64
		{538AB74F-F678-472E-B787-2BD79CFFC1F8}.AppStore|Any CPU.Deploy.0 = Debug|x64
		{538AB74F-F678-472E-B787-2BD79CFFC1F8}.AppStore|ARM.ActiveCfg = Debug|ARM
		{538AB74F-F678-472E-B787-2BD79CFFC1F8}.AppStore|ARM.Build.0 = Debug|ARM
		{538AB74F-F678-472E-B787-2BD79CFFC1F8}.AppStore|ARM.Deploy.0 = Debug|ARM
		{538AB74F-F678-472E-B787-2BD79CFFC1F8}.AppStore|iPhone.ActiveCfg = Debug|x64
		{538AB74F-F678-472E-B787-2BD79CFFC1F8}.AppStore|iPhone.Build.0 = Debug|x64
		{538AB74F-F678-472E-B787-2BD79CFFC1F8}.AppStore|iPhone.Deploy.0 = Debug|x64
		{538AB74F-F678-472E-B787-2BD79CFFC1F8}.AppStore|iPhoneSimulator.ActiveCfg = Debug|x64
		{538AB74F-F678-472E-B787-2BD79CFFC1F8}.AppStore|iPhoneSimulator.Build.0 = Debug|x64
		{538AB74F-F678-472E-B787-2BD79CFFC1F8}.AppStore|iPhoneSimulator.Deploy.0 = Debug|x64
		{538AB74F-F678-472E-B787-2BD79CFFC1F8}.AppStore|x64.ActiveCfg = Debug|x64
		{538AB74F-F678-472E-B787-2BD79CFFC1F8}.AppStore|x64.Build.0 = Debug|x64
		{538AB74F-F678-472E-B787-2BD79CFFC1F8}.AppStore|x64.Deploy.0 = Debug|x64
		{538AB74F-F678-472E-B787-2BD79CFFC1F8}.AppStore|x86.ActiveCfg = Debug|x86
		{538AB74F-F678-472E-B787-2BD79CFFC1F8}.AppStore|x86.Build.0 = Debug|x86
		{538AB74F-F678-472E-B787-2BD79CFFC1F8}.AppStore|x86.Deploy.0 = Debug|x86
		{538AB74F-F678-472E-B787-2BD79CFFC1F8}.Debug|Any CPU.ActiveCfg = Debug|x64
		{538AB74F-F678-472E-B787-2BD79CFFC1F8}.Debug|Any CPU.Build.0 = Debug|x64
		{538AB74F-F678-472E-B787-2BD79CFFC1F8}.Debug|Any CPU.Deploy.0 = Debug|x64
		{538AB74F-F678-472E-B787-2BD79CFFC1F8}.Debug|ARM.ActiveCfg = Debug|ARM
		{538AB74F-F678-472E-B787-2BD79CFFC1F8}.Debug|ARM.Build.0 = Debug|ARM
		{538AB74F-F678-472E-B787-2BD79CFFC1F8}.Debug|ARM.Deploy.0 = Debug|ARM
		{538AB74F-F678-472E-B787-2BD79CFFC1F8}.Debug|iPhone.ActiveCfg = Debug|x64
		{538AB74F-F678-472E-B787-2BD79CFFC1F8}.Debug|iPhone.Build.0 = Debug|x64
		{538AB74F-F678-472E-B787-2BD79CFFC1F8}.Debug|iPhone.Deploy.0 = Debug|x64
		{538AB74F-F678-472E-B787-2BD79CFFC1F8}.Debug|iPhoneSimulator.ActiveCfg = Debug|x64
		{538AB74F-F678-472E-B787-2BD79CFFC1F8}.Debug|iPhoneSimulator.Build.0 = Debug|x64
		{538AB74F-F678-472E-B787-2BD79CFFC1F8}.Debug|iPhoneSimulator.Deploy.0 = Debug|x64
		{538AB74F-F678-472E-B787-2BD79CFFC1F8}.Debug|x64.ActiveCfg = Debug|x64
		{538AB74F-F678-472E-B787-2BD79CFFC1F8}.Debug|x64.Build.0 = Debug|x64
		{538AB74F-F678-472E-B787-2BD79CFFC1F8}.Debug|x64.Deploy.0 = Debug|x64
		{538AB74F-F678-472E-B787-2BD79CFFC1F8}.Debug|x86.ActiveCfg = Debug|x86
		{538AB74F-F678-472E-B787-2BD79CFFC1F8}.Debug|x86.Build.0 = Debug|x86
		{538AB74F-F678-472E-B787-2BD79CFFC1F8}.Debug|x86.Deploy.0 = Debug|x86
		{538AB74F-F678-472E-B787-2BD79CFFC1F8}.Release|Any CPU.ActiveCfg = Release|x64
		{538AB74F-F678-472E-B787-2BD79CFFC1F8}.Release|Any CPU.Build.0 = Release|x64
		{538AB74F-F678-472E-B787-2BD79CFFC1F8}.Release|Any CPU.Deploy.0 = Release|x64
		{538AB74F-F678-472E-B787-2BD79CFFC1F8}.Release|ARM.ActiveCfg = Release|ARM
		{538AB74F-F678-472E-B787-2BD79CFFC1F8}.Release|ARM.Build.0 = Release|ARM
		{538AB74F-F678-472E-B787-2BD79CFFC1F8}.Release|ARM.Deploy.0 = Release|ARM
		{538AB74F-F678-472E-B787-2BD79CFFC1F8}.Release|iPhone.ActiveCfg = Release|x64
		{538AB74F-F678-472E-B787-2BD79CFFC1F8}.Release|iPhone.Build.0 = Release|x64
		{538AB74F-F678-472E-B787-2BD79CFFC1F8}.Release|iPhone.Deploy.0 = Release|x64
		{538AB74F-F678-472E-B787-2BD79CFFC1F8}.Release|iPhoneSimulator.ActiveCfg = Release|x64
		{538AB74F-F678-472E-B787-2BD79CFFC1F8}.Release|iPhoneSimulator.Build.0 = Release|x64
		{538AB74F-F678-472E-B787-2BD79CFFC1F8}.Release|iPhoneSimulator.Deploy.0 = Release|x64
		{538AB74F-F678-472E-B787-2BD79CFFC1F8}.Release|x64.ActiveCfg = Release|x64
		{538AB74F-F678-472E-B787-2BD79CFFC1F8}.Release|x64.Build.0 = Release|x64
		{538AB74F-F678-472E-B787-2BD79CFFC1F8}.Release|x64.Deploy.0 = Release|x64
		{538AB74F-F678-472E-B787-2BD79CFFC1F8}.Release|x86.ActiveCfg = Release|x86
		{538AB74F-F678-472E-B787-2BD79CFFC1F8}.Release|x86.Build.0 = Release|x86
		{538AB74F-F678-472E-B787-2BD79CFFC1F8}.Release|x86.Deploy.0 = Release|x86
	EndGlobalSection
	GlobalSection(SolutionProperties) = preSolution
		HideSolutionNode = FALSE
	EndGlobalSection
	GlobalSection(ExtensibilityGlobals) = postSolution
		SolutionGuid = {8199891A-8136-4932-9314-7203CB8690AD}
	EndGlobalSection
EndGlobal
